<?xml version="1.0" encoding="utf-8"?>
<Project ToolsVersion="4.0" xmlns="http://schemas.microsoft.com/developer/msbuild/2003">
  <ItemGroup>
    <Filter Include="Source Files">
      <UniqueIdentifier>{4FC737F1-C7A5-4376-A066-2A32D752A2FF}</UniqueIdentifier>
      <Extensions>cpp;c;cc;cxx;def;odl;idl;hpj;bat;asm;asmx</Extensions>
    </Filter>
    <Filter Include="Header Files">
      <UniqueIdentifier>{93995380-89BD-4b04-88EB-625FBE52EBFB}</UniqueIdentifier>
      <Extensions>h;hpp;hxx;hm;inl;inc;xsd</Extensions>
    </Filter>
    <Filter Include="Resource Files">
      <UniqueIdentifier>{67DA6AB6-F800-4c08-8B7A-83BB121AAD01}</UniqueIdentifier>
      <Extensions>rc;ico;cur;bmp;dlg;rc2;rct;bin;rgs;gif;jpg;jpeg;jpe;resx;tiff;tif;png;wav;mfcribbon-ms</Extensions>
    </Filter>
    <Filter Include="Source Files\Engine">
      <UniqueIdentifier>{30d492c9-8a50-4e35-b298-b5f7a5c15a06}</UniqueIdentifier>
    </Filter>
    <Filter Include="Source Files\Engine\Broadcaster">
      <UniqueIdentifier>{6cdd5e2c-da00-4dda-b36a-ac3105c6b3cf}</UniqueIdentifier>
    </Filter>
    <Filter Include="Header Files\Engine">
      <UniqueIdentifier>{d5f89767-e292-419d-999e-028236f00e7e}</UniqueIdentifier>
    </Filter>
    <Filter Include="Header Files\Engine\Broadcaster">
      <UniqueIdentifier>{6495b1f6-f735-4a5d-b77d-4e10a9104a67}</UniqueIdentifier>
    </Filter>
    <Filter Include="Header Files\Engine\Listeners">
      <UniqueIdentifier>{7844d619-b057-4c21-8d10-3222fb01c6a6}</UniqueIdentifier>
    </Filter>
    <Filter Include="Source Files\Engine\Managers">
      <UniqueIdentifier>{f6b2c3eb-48c1-4a4f-8ee9-e166f9cb1171}</UniqueIdentifier>
    </Filter>
    <Filter Include="Header Files\Engine\Managers">
      <UniqueIdentifier>{594810b8-9bcd-4eb9-8c30-1f81334c9435}</UniqueIdentifier>
    </Filter>
    <Filter Include="Header Files\Engine\Events">
      <UniqueIdentifier>{af99433a-457f-431c-904c-105456c11df0}</UniqueIdentifier>
    </Filter>
    <Filter Include="Source Files\Engine\Events">
      <UniqueIdentifier>{82422e90-820c-414f-a928-e285a360af8a}</UniqueIdentifier>
    </Filter>
    <Filter Include="Source Files\Engine\Managers\InputManager">
      <UniqueIdentifier>{02c5683a-518b-4c49-a1fa-77d29dd64868}</UniqueIdentifier>
    </Filter>
    <Filter Include="Header Files\Engine\Managers\InputManager">
      <UniqueIdentifier>{3dd59b06-61db-474b-82cd-e83532dda7e8}</UniqueIdentifier>
    </Filter>
    <Filter Include="Header Files\Engine\Resource">
      <UniqueIdentifier>{4683d6ad-1b2b-4d9d-ad99-6251a8dbb1c4}</UniqueIdentifier>
    </Filter>
    <Filter Include="Source Files\Engine\Resource">
      <UniqueIdentifier>{45ad24b4-21eb-4c8f-b6de-69d2f65ba85c}</UniqueIdentifier>
    </Filter>
    <Filter Include="Source Files\GameStates">
      <UniqueIdentifier>{bc865c63-cf1b-4fcc-86dd-1c2afc0994e8}</UniqueIdentifier>
    </Filter>
    <Filter Include="Header Files\GameStates">
      <UniqueIdentifier>{5b5b4764-ad3c-412c-a2cf-a86b49e0d497}</UniqueIdentifier>
    </Filter>
    <Filter Include="Header Files\GPP">
      <UniqueIdentifier>{8a58aed6-0e49-44cf-8225-559407fb2f98}</UniqueIdentifier>
    </Filter>
    <Filter Include="Header Files\GPP\Objects">
      <UniqueIdentifier>{12604ae6-6306-453d-bba4-f3a1f433faa4}</UniqueIdentifier>
    </Filter>
    <Filter Include="Header Files\GPP\Level">
      <UniqueIdentifier>{3b301653-ebb6-4b35-86b4-18ec9f854235}</UniqueIdentifier>
    </Filter>
    <Filter Include="Source Files\GPP">
      <UniqueIdentifier>{f7b5e8ed-b842-4b65-a546-f34decb8a4b0}</UniqueIdentifier>
    </Filter>
    <Filter Include="Source Files\GPP\Objects">
      <UniqueIdentifier>{75986769-a69e-40eb-bd1c-2de46ad4bfd8}</UniqueIdentifier>
    </Filter>
    <Filter Include="Header Files\GPP\Level\Tiles">
      <UniqueIdentifier>{5550fc3f-50d9-46b4-944a-03a226b530a7}</UniqueIdentifier>
    </Filter>
    <Filter Include="Source Files\GPP\Levels">
      <UniqueIdentifier>{4a4bb612-d956-46d1-a83e-63699901e45d}</UniqueIdentifier>
    </Filter>
    <Filter Include="Source Files\GPP\Levels\Tiles">
      <UniqueIdentifier>{0dd102da-a21e-4ffc-bfa4-85a49f47f91e}</UniqueIdentifier>
    </Filter>
    <Filter Include="Source Files\GPP\Objects\UIWIdgets">
      <UniqueIdentifier>{a976d1a5-6596-463b-b8cd-e9fbcec0ed41}</UniqueIdentifier>
    </Filter>
    <Filter Include="Header Files\GPP\Objects\UIWidgets">
      <UniqueIdentifier>{4c5b7f54-81a4-4266-bbba-aaae3aed42fa}</UniqueIdentifier>
    </Filter>
  </ItemGroup>
  <ItemGroup>
    <ClInclude Include="Game.h">
      <Filter>Header Files</Filter>
    </ClInclude>
    <ClInclude Include="Entity.h">
      <Filter>Header Files</Filter>
    </ClInclude>
    <ClInclude Include="Input.h">
      <Filter>Header Files</Filter>
    </ClInclude>
    <ClInclude Include="Loader.h">
      <Filter>Header Files</Filter>
    </ClInclude>
    <ClInclude Include="MovableEntity.h">
      <Filter>Header Files</Filter>
    </ClInclude>
    <ClInclude Include="Cursor.h">
      <Filter>Header Files</Filter>
    </ClInclude>
    <ClInclude Include="Sprite.h">
      <Filter>Header Files</Filter>
    </ClInclude>
    <ClInclude Include="Force.h">
      <Filter>Header Files</Filter>
    </ClInclude>
    <ClInclude Include="EntityList.h">
      <Filter>Header Files</Filter>
    </ClInclude>
    <ClInclude Include="PlayerManager.h">
      <Filter>Header Files</Filter>
    </ClInclude>
    <ClInclude Include="Ball.h">
      <Filter>Header Files</Filter>
    </ClInclude>
    <ClInclude Include="CollisionManager.h">
      <Filter>Header Files</Filter>
    </ClInclude>
    <ClInclude Include="MovableEntityList.h">
      <Filter>Header Files</Filter>
    </ClInclude>
    <ClInclude Include="Field.h">
      <Filter>Header Files</Filter>
    </ClInclude>
    <ClInclude Include="Utils.h">
      <Filter>Header Files</Filter>
    </ClInclude>
    <ClInclude Include="GoalPost.h">
      <Filter>Header Files</Filter>
    </ClInclude>
    <ClInclude Include="ScoreManager.h">
      <Filter>Header Files</Filter>
    </ClInclude>
    <ClInclude Include="Animation.h">
      <Filter>Header Files</Filter>
    </ClInclude>
    <ClInclude Include="precompiled.h">
      <Filter>Header Files</Filter>
    </ClInclude>
    <ClInclude Include="Broadcaster.h">
      <Filter>Header Files\Engine\Broadcaster</Filter>
    </ClInclude>
    <ClInclude Include="GameRunning.h">
      <Filter>Header Files\GameStates</Filter>
    </ClInclude>
    <ClInclude Include="Menu.h">
      <Filter>Header Files\GameStates</Filter>
    </ClInclude>
    <ClInclude Include="GameAppFramework.h">
      <Filter>Header Files\Engine</Filter>
    </ClInclude>
    <ClInclude Include="IGameState.h">
      <Filter>Header Files\Engine</Filter>
    </ClInclude>
    <ClInclude Include="GameState.h">
      <Filter>Header Files\Engine</Filter>
    </ClInclude>
    <ClInclude Include="KeyListener.h">
      <Filter>Header Files\Engine\Listeners</Filter>
    </ClInclude>
    <ClInclude Include="MouseListener.h">
      <Filter>Header Files\Engine\Listeners</Filter>
    </ClInclude>
    <ClInclude Include="GameStateManager.h">
      <Filter>Header Files\Engine\Managers</Filter>
    </ClInclude>
    <ClInclude Include="MouseEvent.h">
      <Filter>Header Files\Engine\Events</Filter>
    </ClInclude>
    <ClInclude Include="IEvent.h">
      <Filter>Header Files\Engine\Events</Filter>
    </ClInclude>
    <ClInclude Include="IListener.h">
      <Filter>Header Files\Engine\Listeners</Filter>
    </ClInclude>
    <ClInclude Include="EventManager.h">
      <Filter>Header Files\Engine\Managers</Filter>
    </ClInclude>
    <ClInclude Include="GameStateChangeEvent.h">
      <Filter>Header Files\Engine\Events</Filter>
    </ClInclude>
    <ClInclude Include="InputManager.h">
      <Filter>Header Files\Engine\Managers\InputManager</Filter>
    </ClInclude>
    <ClInclude Include="KeyboardInput.h">
      <Filter>Header Files\Engine\Managers\InputManager</Filter>
    </ClInclude>
    <ClInclude Include="MouseInput.h">
      <Filter>Header Files\Engine\Managers\InputManager</Filter>
    </ClInclude>
    <ClInclude Include="Options.h">
      <Filter>Header Files\GameStates</Filter>
    </ClInclude>
    <ClInclude Include="GetToPreviousStateEvent.h">
      <Filter>Header Files\Engine\Events</Filter>
    </ClInclude>
    <ClInclude Include="KeyEvent.h">
      <Filter>Header Files\Engine\Events</Filter>
    </ClInclude>
    <ClInclude Include="EventIdentifier.h">
      <Filter>Header Files\Engine\Events</Filter>
    </ClInclude>
    <ClInclude Include="GoalScoredEvent.h">
      <Filter>Header Files\Engine\Events</Filter>
    </ClInclude>
    <ClInclude Include="Timer.h">
      <Filter>Source Files\Engine</Filter>
    </ClInclude>
    <ClInclude Include="Player2.h">
      <Filter>Header Files</Filter>
    </ClInclude>
    <ClInclude Include="ResourceManager.h">
      <Filter>Header Files\Engine\Managers</Filter>
    </ClInclude>
    <ClInclude Include="IResource.h">
      <Filter>Header Files\Engine\Resource</Filter>
    </ClInclude>
    <ClInclude Include="Texture.h">
      <Filter>Header Files\Engine\Resource</Filter>
    </ClInclude>
    <ClInclude Include="LoadingState.h">
      <Filter>Header Files\GameStates</Filter>
    </ClInclude>
    <ClInclude Include="ResourceLoadingCompletedEvent.h">
      <Filter>Header Files\Engine\Events</Filter>
    </ClInclude>
    <ClInclude Include="LoadResourcesEvent.h">
      <Filter>Header Files\Engine\Events</Filter>
    </ClInclude>
    <ClInclude Include="ResourceRequest.h">
      <Filter>Header Files\Engine\Resource</Filter>
    </ClInclude>
    <ClInclude Include="PauseGameState.h">
      <Filter>Header Files\GameStates</Filter>
    </ClInclude>
    <ClInclude Include="FontResource.h">
      <Filter>Header Files\Engine\Resource</Filter>
    </ClInclude>
    <ClInclude Include="IObject.h">
      <Filter>Header Files\GPP\Objects</Filter>
    </ClInclude>
    <ClInclude Include="Player1.h">
      <Filter>Header Files</Filter>
    </ClInclude>
    <ClInclude Include="World.h">
      <Filter>Header Files\GPP</Filter>
    </ClInclude>
    <ClInclude Include="ILevel.h">
      <Filter>Header Files\GPP\Level</Filter>
    </ClInclude>
    <ClInclude Include="Level1.h">
      <Filter>Header Files\GPP\Level</Filter>
    </ClInclude>
    <ClInclude Include="ITile.h">
      <Filter>Header Files\GPP\Level\Tiles</Filter>
    </ClInclude>
    <ClInclude Include="SolidTile.h">
      <Filter>Header Files\GPP\Level\Tiles</Filter>
    </ClInclude>
    <ClInclude Include="VoidTile.h">
      <Filter>Header Files\GPP\Level\Tiles</Filter>
    </ClInclude>
    <ClInclude Include="Player.h">
      <Filter>Header Files\GPP\Objects</Filter>
    </ClInclude>
    <ClInclude Include="Identifier.h">
      <Filter>Header Files</Filter>
    </ClInclude>
    <ClInclude Include="CollisionLogic.h">
      <Filter>Header Files\GPP</Filter>
    </ClInclude>
    <ClInclude Include="Camera.h">
      <Filter>Header Files\GPP</Filter>
    </ClInclude>
    <ClInclude Include="Coin.h">
      <Filter>Header Files\GPP\Objects</Filter>
    </ClInclude>
    <ClInclude Include="CoinManager.h">
      <Filter>Header Files\GPP</Filter>
    </ClInclude>
    <ClInclude Include="ICollidable.h">
      <Filter>Header Files\GPP\Objects</Filter>
    </ClInclude>
    <ClInclude Include="Background.h">
      <Filter>Header Files\GPP\Objects</Filter>
    </ClInclude>
    <ClInclude Include="PlayerOutOfBoundsEvent.h">
      <Filter>Header Files\Engine\Events</Filter>
    </ClInclude>
    <ClInclude Include="UIButton.h">
      <Filter>Header Files\GPP\Objects\UIWidgets</Filter>
    </ClInclude>
    <ClInclude Include="UIWidget.h">
      <Filter>Header Files\GPP\Objects\UIWidgets</Filter>
    </ClInclude>
  </ItemGroup>
  <ItemGroup>
    <ClCompile Include="Main.cpp">
      <Filter>Source Files</Filter>
    </ClCompile>
    <ClCompile Include="Game.cpp">
      <Filter>Source Files</Filter>
    </ClCompile>
    <ClCompile Include="Entity.cpp">
      <Filter>Source Files</Filter>
    </ClCompile>
    <ClCompile Include="Input.cpp">
      <Filter>Source Files</Filter>
    </ClCompile>
    <ClCompile Include="Loader.cpp">
      <Filter>Source Files</Filter>
    </ClCompile>
    <ClCompile Include="MovableEntity.cpp">
      <Filter>Source Files</Filter>
    </ClCompile>
    <ClCompile Include="Sprite.cpp">
      <Filter>Source Files</Filter>
    </ClCompile>
    <ClCompile Include="Force.cpp">
      <Filter>Source Files</Filter>
    </ClCompile>
    <ClCompile Include="EntityList.cpp">
      <Filter>Source Files</Filter>
    </ClCompile>
    <ClCompile Include="PlayerManager.cpp">
      <Filter>Source Files</Filter>
    </ClCompile>
    <ClCompile Include="Ball.cpp">
      <Filter>Source Files</Filter>
    </ClCompile>
    <ClCompile Include="CollisionManager.cpp">
      <Filter>Source Files</Filter>
    </ClCompile>
    <ClCompile Include="MovableEntityList.cpp">
      <Filter>Source Files</Filter>
    </ClCompile>
    <ClCompile Include="Cursor.cpp">
      <Filter>Source Files</Filter>
    </ClCompile>
    <ClCompile Include="Field.cpp">
      <Filter>Source Files</Filter>
    </ClCompile>
    <ClCompile Include="GoalPost.cpp">
      <Filter>Source Files</Filter>
    </ClCompile>
    <ClCompile Include="ScoreManager.cpp">
      <Filter>Source Files</Filter>
    </ClCompile>
    <ClCompile Include="Animation.cpp">
      <Filter>Source Files</Filter>
    </ClCompile>
    <ClCompile Include="precompiled.cpp">
      <Filter>Source Files</Filter>
    </ClCompile>
    <ClCompile Include="Menu.cpp">
      <Filter>Source Files\GameStates</Filter>
    </ClCompile>
    <ClCompile Include="GameRunning.cpp">
      <Filter>Source Files\GameStates</Filter>
    </ClCompile>
    <ClCompile Include="Broadcaster.cpp">
      <Filter>Source Files\Engine\Broadcaster</Filter>
    </ClCompile>
    <ClCompile Include="GameStateManager.cpp">
      <Filter>Source Files\Engine\Managers</Filter>
    </ClCompile>
    <ClCompile Include="GameAppFramework.cpp">
      <Filter>Source Files\Engine</Filter>
    </ClCompile>
    <ClCompile Include="EventManager.cpp">
      <Filter>Source Files\Engine\Managers</Filter>
    </ClCompile>
    <ClCompile Include="MouseEvent.cpp">
      <Filter>Source Files\Engine\Events</Filter>
    </ClCompile>
    <ClCompile Include="GameStateChangeEvent.cpp">
      <Filter>Source Files\Engine\Events</Filter>
    </ClCompile>
    <ClCompile Include="InputManager.cpp">
      <Filter>Source Files\Engine\Managers\InputManager</Filter>
    </ClCompile>
    <ClCompile Include="KeyboardInput.cpp">
      <Filter>Source Files\Engine\Managers\InputManager</Filter>
    </ClCompile>
    <ClCompile Include="MouseInput.cpp">
      <Filter>Source Files\Engine\Managers\InputManager</Filter>
    </ClCompile>
    <ClCompile Include="Options.cpp">
      <Filter>Source Files\GameStates</Filter>
    </ClCompile>
    <ClCompile Include="GetToPreviousStateEvent.cpp">
      <Filter>Source Files\Engine\Events</Filter>
    </ClCompile>
    <ClCompile Include="KeyEvent.cpp">
      <Filter>Source Files\Engine\Events</Filter>
    </ClCompile>
    <ClCompile Include="EventIdentifier.cpp">
      <Filter>Source Files\Engine\Events</Filter>
    </ClCompile>
    <ClCompile Include="GoalScoredEvent.cpp">
      <Filter>Source Files\Engine\Events</Filter>
    </ClCompile>
    <ClCompile Include="Player2.cpp">
      <Filter>Source Files</Filter>
    </ClCompile>
    <ClCompile Include="ResourceManager.cpp">
      <Filter>Source Files\Engine\Managers</Filter>
    </ClCompile>
    <ClCompile Include="IEvent.cpp">
      <Filter>Source Files\Engine\Events</Filter>
    </ClCompile>
    <ClCompile Include="Texture.cpp">
      <Filter>Source Files\Engine\Resource</Filter>
    </ClCompile>
    <ClCompile Include="LoadingState.cpp">
      <Filter>Source Files\GameStates</Filter>
    </ClCompile>
    <ClCompile Include="ResourceLoadingCompletedEvent.cpp">
      <Filter>Source Files\Engine\Events</Filter>
    </ClCompile>
    <ClCompile Include="LoadResourcesEvent.cpp">
      <Filter>Source Files\Engine\Events</Filter>
    </ClCompile>
    <ClCompile Include="ResourceRequest.cpp">
      <Filter>Source Files\Engine\Resource</Filter>
    </ClCompile>
    <ClCompile Include="IResource.cpp">
      <Filter>Source Files\Engine\Resource</Filter>
    </ClCompile>
    <ClCompile Include="PauseGameState.cpp">
      <Filter>Source Files\GameStates</Filter>
    </ClCompile>
    <ClCompile Include="IGameState.cpp">
      <Filter>Source Files\GameStates</Filter>
    </ClCompile>
    <ClCompile Include="FontResource.cpp">
      <Filter>Source Files\Engine\Resource</Filter>
    </ClCompile>
    <ClCompile Include="Timer.cpp">
      <Filter>Source Files\GameStates</Filter>
    </ClCompile>
    <ClCompile Include="World.cpp">
      <Filter>Source Files\GPP</Filter>
    </ClCompile>
    <ClCompile Include="Level1.cpp">
      <Filter>Source Files\GPP\Levels</Filter>
    </ClCompile>
    <ClCompile Include="SolidTile.cpp">
      <Filter>Source Files\GPP\Levels\Tiles</Filter>
    </ClCompile>
    <ClCompile Include="VoidTile.cpp">
      <Filter>Source Files\GPP\Levels\Tiles</Filter>
    </ClCompile>
    <ClCompile Include="Player1.cpp">
      <Filter>Source Files</Filter>
    </ClCompile>
    <ClCompile Include="Player.cpp">
      <Filter>Source Files\GPP\Objects</Filter>
    </ClCompile>
    <ClCompile Include="Identifier.cpp">
      <Filter>Source Files</Filter>
    </ClCompile>
    <ClCompile Include="CollisionLogic.cpp">
      <Filter>Source Files\GPP</Filter>
    </ClCompile>
    <ClCompile Include="Camera.cpp">
      <Filter>Source Files\GPP</Filter>
    </ClCompile>
    <ClCompile Include="Coin.cpp">
      <Filter>Source Files\GPP\Objects</Filter>
    </ClCompile>
    <ClCompile Include="CoinManager.cpp">
      <Filter>Source Files\GPP</Filter>
    </ClCompile>
    <ClCompile Include="Background.cpp">
      <Filter>Source Files\GPP\Objects</Filter>
    </ClCompile>
    <ClCompile Include="PlayerOutOfBoundsEvent.cpp">
      <Filter>Source Files\Engine\Events</Filter>
    </ClCompile>
    <ClCompile Include="UIButton.cpp">
      <Filter>Source Files\GPP\Objects\UIWIdgets</Filter>
    </ClCompile>
  </ItemGroup>
  <ItemGroup>
    <Image Include="..\Resources\Textures\Ball.jpg">
      <Filter>Resource Files</Filter>
    </Image>
    <Image Include="..\Resources\Textures\BluePlayer.jpg">
      <Filter>Resource Files</Filter>
    </Image>
    <Image Include="..\Resources\Textures\LeftGoalPost.jpg">
      <Filter>Resource Files</Filter>
    </Image>
    <Image Include="..\Resources\Textures\RedPlayer.jpg">
      <Filter>Resource Files</Filter>
    </Image>
    <Image Include="..\Resources\Textures\RightGoalPost.jpg">
      <Filter>Resource Files</Filter>
    </Image>
  </ItemGroup>
</Project>